
Microsoft Visual Studio Solution File, Format Version 12.00
# Visual Studio Version 17
VisualStudioVersion = 17.4.33213.308
MinimumVisualStudioVersion = 10.0.40219.1
Project("{8BC9CEB8-8B4A-11D0-8D11-00A0C91BC942}") = "Demo", "Templates\Templates.vcxproj", "{A5099F78-FAE4-4C41-83EA-CCCB026604E2}"
EndProject
Project("{8BC9CEB8-8B4A-11D0-8D11-00A0C91BC942}") = "TemplateList", "TemplateList\TemplateList.vcxproj", "{A9861BC8-0D76-4DC1-9945-3379EFFBA072}"
EndProject
Project("{8BC9CEB8-8B4A-11D0-8D11-00A0C91BC942}") = "TestList", "TestList\TestList.vcxproj", "{04581884-184A-40E6-B468-626CB4E718F8}"
EndProject
Global
	GlobalSection(SolutionConfigurationPlatforms) = preSolution
		Debug|x64 = Debug|x64
		Debug|x86 = Debug|x86
		Release|x64 = Release|x64
		Release|x86 = Release|x86
	EndGlobalSection
	GlobalSection(ProjectConfigurationPlatforms) = postSolution
		{A5099F78-FAE4-4C41-83EA-CCCB026604E2}.Debug|x64.ActiveCfg = Debug|x64
		{A5099F78-FAE4-4C41-83EA-CCCB026604E2}.Debug|x64.Build.0 = Debug|x64
		{A5099F78-FAE4-4C41-83EA-CCCB026604E2}.Debug|x86.ActiveCfg = Debug|Win32
		{A5099F78-FAE4-4C41-83EA-CCCB026604E2}.Debug|x86.Build.0 = Debug|Win32
		{A5099F78-FAE4-4C41-83EA-CCCB026604E2}.Release|x64.ActiveCfg = Release|x64
		{A5099F78-FAE4-4C41-83EA-CCCB026604E2}.Release|x64.Build.0 = Release|x64
		{A5099F78-FAE4-4C41-83EA-CCCB026604E2}.Release|x86.ActiveCfg = Release|Win32
		{A5099F78-FAE4-4C41-83EA-CCCB026604E2}.Release|x86.Build.0 = Release|Win32
		{A9861BC8-0D76-4DC1-9945-3379EFFBA072}.Debug|x64.ActiveCfg = Debug|x64
		{A9861BC8-0D76-4DC1-9945-3379EFFBA072}.Debug|x64.Build.0 = Debug|x64
		{A9861BC8-0D76-4DC1-9945-3379EFFBA072}.Debug|x86.ActiveCfg = Debug|Win32
		{A9861BC8-0D76-4DC1-9945-3379EFFBA072}.Debug|x86.Build.0 = Debug|Win32
		{A9861BC8-0D76-4DC1-9945-3379EFFBA072}.Release|x64.ActiveCfg = Release|x64
		{A9861BC8-0D76-4DC1-9945-3379EFFBA072}.Release|x64.Build.0 = Release|x64
		{A9861BC8-0D76-4DC1-9945-3379EFFBA072}.Release|x86.ActiveCfg = Release|Win32
		{A9861BC8-0D76-4DC1-9945-3379EFFBA072}.Release|x86.Build.0 = Release|Win32
		{04581884-184A-40E6-B468-626CB4E718F8}.Debug|x64.ActiveCfg = Debug|x64
		{04581884-184A-40E6-B468-626CB4E718F8}.Debug|x64.Build.0 = Debug|x64
		{04581884-184A-40E6-B468-626CB4E718F8}.Debug|x86.ActiveCfg = Debug|Win32
		{04581884-184A-40E6-B468-626CB4E718F8}.Debug|x86.Build.0 = Debug|Win32
		{04581884-184A-40E6-B468-626CB4E718F8}.Release|x64.ActiveCfg = Release|x64
		{04581884-184A-40E6-B468-626CB4E718F8}.Release|x64.Build.0 = Release|x64
		{04581884-184A-40E6-B468-626CB4E718F8}.Release|x86.ActiveCfg = Release|Win32
		{04581884-184A-40E6-B468-626CB4E718F8}.Release|x86.Build.0 = Release|Win32
	EndGlobalSection
	GlobalSection(SolutionProperties) = preSolution
		HideSolutionNode = FALSE
	EndGlobalSection
	GlobalSection(ExtensibilityGlobals) = postSolution
		SolutionGuid = {4038F898-2528-4887-AF06-B5CC62764B01}
	EndGlobalSection
EndGlobal
